
Microsoft Visual Studio Solution File, Format Version 12.00
# Visual Studio 15
VisualStudioVersion = 15.0.27703.2035
MinimumVisualStudioVersion = 10.0.40219.1
Project("{FAE04EC0-301F-11D3-BF4B-00C04F79EFBC}") = "Lab01", "Lab01\Lab01.csproj", "{A76877B2-A615-4DB1-88AA-DA2F2033D765}"
EndProject
Project("{FAE04EC0-301F-11D3-BF4B-00C04F79EFBC}") = "Lab02", "Lab02\Lab02.csproj", "{DE304ED0-05B2-4717-87FC-04F72B71024E}"
EndProject
Project("{FAE04EC0-301F-11D3-BF4B-00C04F79EFBC}") = "Class_dop_1", "Class_dop_1\Class_dop_1.csproj", "{1258ABEA-6393-44A0-8CD9-6EC2C9BF14F8}"
EndProject
Project("{FAE04EC0-301F-11D3-BF4B-00C04F79EFBC}") = "Class_Mas_1", "Class_Mas_1\Class_Mas_1.csproj", "{30BBD654-BCD9-41D0-9EC7-3399EB1B78B6}"
EndProject
Project("{FAE04EC0-301F-11D3-BF4B-00C04F79EFBC}") = "Lab03", "Lab03\Lab03.csproj", "{45D9727E-DD60-4CD1-90B8-FA820C286FFD}"
EndProject
Project("{FAE04EC0-301F-11D3-BF4B-00C04F79EFBC}") = "Lab04", "Lab04\Lab04.csproj", "{0A1EB566-E3B4-4D70-8DFA-B491D6A83190}"
EndProject
Project("{FAE04EC0-301F-11D3-BF4B-00C04F79EFBC}") = "Lab05", "Lab05\Lab05.csproj", "{43E13AA4-EF7D-46BF-B5B6-024F50CBC5C2}"
EndProject
Project("{FAE04EC0-301F-11D3-BF4B-00C04F79EFBC}") = "Lab06", "Lab06\Lab06.csproj", "{8B5DAF21-DA9C-450E-89E4-588CF42A02DE}"
EndProject
Project("{FAE04EC0-301F-11D3-BF4B-00C04F79EFBC}") = "Lab07", "Lab07\Lab07.csproj", "{BA73D995-3A05-4BB0-ADD5-80D7ACAAFB07}"
EndProject
Project("{FAE04EC0-301F-11D3-BF4B-00C04F79EFBC}") = "KR_1", "KR_1\KR_1.csproj", "{850B154F-B4B2-45DA-A6C5-1861E8E8BB15}"
EndProject
Project("{FAE04EC0-301F-11D3-BF4B-00C04F79EFBC}") = "Lab08", "Lab08\Lab08.csproj", "{996E3AC7-B34F-4D0D-AD49-239404537029}"
EndProject
Project("{FAE04EC0-301F-11D3-BF4B-00C04F79EFBC}") = "Lab09", "Lab09\Lab09.csproj", "{7F5F70A4-BD71-4D95-8F4B-7D019D9B5DEE}"
EndProject
Project("{FAE04EC0-301F-11D3-BF4B-00C04F79EFBC}") = "Lab10", "Lab10\Lab10.csproj", "{C4C37C45-78D3-4BE9-BD6F-A0DAEA6568D7}"
EndProject
Project("{FAE04EC0-301F-11D3-BF4B-00C04F79EFBC}") = "Induvidual_Task", "Induvidual_Task\Induvidual_Task.csproj", "{D0385478-A04E-4430-BC62-04D39155F3D8}"
EndProject
Global
	GlobalSection(SolutionConfigurationPlatforms) = preSolution
		Debug|Any CPU = Debug|Any CPU
		Release|Any CPU = Release|Any CPU
	EndGlobalSection
	GlobalSection(ProjectConfigurationPlatforms) = postSolution
		{A76877B2-A615-4DB1-88AA-DA2F2033D765}.Debug|Any CPU.ActiveCfg = Debug|Any CPU
		{A76877B2-A615-4DB1-88AA-DA2F2033D765}.Debug|Any CPU.Build.0 = Debug|Any CPU
		{A76877B2-A615-4DB1-88AA-DA2F2033D765}.Release|Any CPU.ActiveCfg = Release|Any CPU
		{A76877B2-A615-4DB1-88AA-DA2F2033D765}.Release|Any CPU.Build.0 = Release|Any CPU
		{DE304ED0-05B2-4717-87FC-04F72B71024E}.Debug|Any CPU.ActiveCfg = Debug|Any CPU
		{DE304ED0-05B2-4717-87FC-04F72B71024E}.Debug|Any CPU.Build.0 = Debug|Any CPU
		{DE304ED0-05B2-4717-87FC-04F72B71024E}.Release|Any CPU.ActiveCfg = Release|Any CPU
		{DE304ED0-05B2-4717-87FC-04F72B71024E}.Release|Any CPU.Build.0 = Release|Any CPU
		{1258ABEA-6393-44A0-8CD9-6EC2C9BF14F8}.Debug|Any CPU.ActiveCfg = Debug|Any CPU
		{1258ABEA-6393-44A0-8CD9-6EC2C9BF14F8}.Debug|Any CPU.Build.0 = Debug|Any CPU
		{1258ABEA-6393-44A0-8CD9-6EC2C9BF14F8}.Release|Any CPU.ActiveCfg = Release|Any CPU
		{1258ABEA-6393-44A0-8CD9-6EC2C9BF14F8}.Release|Any CPU.Build.0 = Release|Any CPU
		{30BBD654-BCD9-41D0-9EC7-3399EB1B78B6}.Debug|Any CPU.ActiveCfg = Debug|Any CPU
		{30BBD654-BCD9-41D0-9EC7-3399EB1B78B6}.Debug|Any CPU.Build.0 = Debug|Any CPU
		{30BBD654-BCD9-41D0-9EC7-3399EB1B78B6}.Release|Any CPU.ActiveCfg = Release|Any CPU
		{30BBD654-BCD9-41D0-9EC7-3399EB1B78B6}.Release|Any CPU.Build.0 = Release|Any CPU
		{45D9727E-DD60-4CD1-90B8-FA820C286FFD}.Debug|Any CPU.ActiveCfg = Debug|Any CPU
		{45D9727E-DD60-4CD1-90B8-FA820C286FFD}.Debug|Any CPU.Build.0 = Debug|Any CPU
		{45D9727E-DD60-4CD1-90B8-FA820C286FFD}.Release|Any CPU.ActiveCfg = Release|Any CPU
		{45D9727E-DD60-4CD1-90B8-FA820C286FFD}.Release|Any CPU.Build.0 = Release|Any CPU
		{0A1EB566-E3B4-4D70-8DFA-B491D6A83190}.Debug|Any CPU.ActiveCfg = Debug|Any CPU
		{0A1EB566-E3B4-4D70-8DFA-B491D6A83190}.Debug|Any CPU.Build.0 = Debug|Any CPU
		{0A1EB566-E3B4-4D70-8DFA-B491D6A83190}.Release|Any CPU.ActiveCfg = Release|Any CPU
		{0A1EB566-E3B4-4D70-8DFA-B491D6A83190}.Release|Any CPU.Build.0 = Release|Any CPU
		{43E13AA4-EF7D-46BF-B5B6-024F50CBC5C2}.Debug|Any CPU.ActiveCfg = Debug|Any CPU
		{43E13AA4-EF7D-46BF-B5B6-024F50CBC5C2}.Debug|Any CPU.Build.0 = Debug|Any CPU
		{43E13AA4-EF7D-46BF-B5B6-024F50CBC5C2}.Release|Any CPU.ActiveCfg = Release|Any CPU
		{43E13AA4-EF7D-46BF-B5B6-024F50CBC5C2}.Release|Any CPU.Build.0 = Release|Any CPU
		{8B5DAF21-DA9C-450E-89E4-588CF42A02DE}.Debug|Any CPU.ActiveCfg = Debug|Any CPU
		{8B5DAF21-DA9C-450E-89E4-588CF42A02DE}.Debug|Any CPU.Build.0 = Debug|Any CPU
		{8B5DAF21-DA9C-450E-89E4-588CF42A02DE}.Release|Any CPU.ActiveCfg = Release|Any CPU
		{8B5DAF21-DA9C-450E-89E4-588CF42A02DE}.Release|Any CPU.Build.0 = Release|Any CPU
		{BA73D995-3A05-4BB0-ADD5-80D7ACAAFB07}.Debug|Any CPU.ActiveCfg = Debug|Any CPU
		{BA73D995-3A05-4BB0-ADD5-80D7ACAAFB07}.Debug|Any CPU.Build.0 = Debug|Any CPU
		{BA73D995-3A05-4BB0-ADD5-80D7ACAAFB07}.Release|Any CPU.ActiveCfg = Release|Any CPU
		{BA73D995-3A05-4BB0-ADD5-80D7ACAAFB07}.Release|Any CPU.Build.0 = Release|Any CPU
		{850B154F-B4B2-45DA-A6C5-1861E8E8BB15}.Debug|Any CPU.ActiveCfg = Debug|Any CPU
		{850B154F-B4B2-45DA-A6C5-1861E8E8BB15}.Debug|Any CPU.Build.0 = Debug|Any CPU
		{850B154F-B4B2-45DA-A6C5-1861E8E8BB15}.Release|Any CPU.ActiveCfg = Release|Any CPU
		{850B154F-B4B2-45DA-A6C5-1861E8E8BB15}.Release|Any CPU.Build.0 = Release|Any CPU
		{996E3AC7-B34F-4D0D-AD49-239404537029}.Debug|Any CPU.ActiveCfg = Debug|Any CPU
		{996E3AC7-B34F-4D0D-AD49-239404537029}.Debug|Any CPU.Build.0 = Debug|Any CPU
		{996E3AC7-B34F-4D0D-AD49-239404537029}.Release|Any CPU.ActiveCfg = Release|Any CPU
		{996E3AC7-B34F-4D0D-AD49-239404537029}.Release|Any CPU.Build.0 = Release|Any CPU
		{7F5F70A4-BD71-4D95-8F4B-7D019D9B5DEE}.Debug|Any CPU.ActiveCfg = Debug|Any CPU
		{7F5F70A4-BD71-4D95-8F4B-7D019D9B5DEE}.Debug|Any CPU.Build.0 = Debug|Any CPU
		{7F5F70A4-BD71-4D95-8F4B-7D019D9B5DEE}.Release|Any CPU.ActiveCfg = Release|Any CPU
		{7F5F70A4-BD71-4D95-8F4B-7D019D9B5DEE}.Release|Any CPU.Build.0 = Release|Any CPU
		{C4C37C45-78D3-4BE9-BD6F-A0DAEA6568D7}.Debug|Any CPU.ActiveCfg = Debug|Any CPU
		{C4C37C45-78D3-4BE9-BD6F-A0DAEA6568D7}.Debug|Any CPU.Build.0 = Debug|Any CPU
		{C4C37C45-78D3-4BE9-BD6F-A0DAEA6568D7}.Release|Any CPU.ActiveCfg = Release|Any CPU
		{C4C37C45-78D3-4BE9-BD6F-A0DAEA6568D7}.Release|Any CPU.Build.0 = Release|Any CPU
		{D0385478-A04E-4430-BC62-04D39155F3D8}.Debug|Any CPU.ActiveCfg = Debug|Any CPU
		{D0385478-A04E-4430-BC62-04D39155F3D8}.Debug|Any CPU.Build.0 = Debug|Any CPU
		{D0385478-A04E-4430-BC62-04D39155F3D8}.Release|Any CPU.ActiveCfg = Release|Any CPU
		{D0385478-A04E-4430-BC62-04D39155F3D8}.Release|Any CPU.Build.0 = Release|Any CPU
	EndGlobalSection
	GlobalSection(SolutionProperties) = preSolution
		HideSolutionNode = FALSE
	EndGlobalSection
	GlobalSection(ExtensibilityGlobals) = postSolution
		SolutionGuid = {0D693E0C-E99A-4D32-BA7F-2E67E6FB9808}
	EndGlobalSection
EndGlobal
